<?xml version="1.0" encoding="utf-8"?>
<Project ToolsVersion="4.0" xmlns="http://schemas.microsoft.com/developer/msbuild/2003">
  <ItemGroup>
    <ClCompile Include="afterimage.cpp" />
    <ClCompile Include="C:\KamataEngine\DirectXGame\base\StringUtility.cpp" />
    <ClCompile Include="C:\KamataEngine\DirectXGame\base\DirectXCommon.cpp" />
    <ClCompile Include="C:\KamataEngine\DirectXGame\base\WinApp.cpp" />
    <ClCompile Include="C:\KamataEngine\DirectXGame\scene\GameScene.cpp" />
    <ClCompile Include="C:\KamataEngine\DirectXGame\base\TextureManager.cpp" />
    <ClCompile Include="C:\KamataEngine\DirectXGame\2d\ImGuiManager.cpp" />
    <ClCompile Include="C:\KamataEngine\Adapter\Novice.cpp" />
    <ClCompile Include="camera.cpp" />
    <ClCompile Include="collision.cpp" />
    <ClCompile Include="camerasystem.cpp" />
    <ClCompile Include="common.cpp" />
    <ClCompile Include="easing.cpp" />
    <ClCompile Include="enemy.cpp" />
    <ClCompile Include="field.cpp" />
    <ClCompile Include="main.cpp" />
    <ClCompile Include="player.cpp" />
    <ClCompile Include="rope.cpp" />
    <ClCompile Include="sceneChange.cpp" />
    <ClCompile Include="stage.cpp" />
    <ClCompile Include="system.cpp" />
    <ClCompile Include="title.cpp" />
    <ClCompile Include="colorname.cpp" />
    <ClCompile Include="Explain.cpp" />
  </ItemGroup>
  <ItemGroup>
    <ClInclude Include="afterimage.h" />
    <ClInclude Include="C:\KamataEngine\DirectXGame\base\StringUtility.h" />
    <ClInclude Include="C:\KamataEngine\DirectXGame\math\Matrix4x4.h" />
    <ClInclude Include="C:\KamataEngine\DirectXGame\math\Vector2.h" />
    <ClInclude Include="C:\KamataEngine\DirectXGame\math\Vector3.h" />
    <ClInclude Include="C:\KamataEngine\DirectXGame\math\Vector4.h" />
    <ClInclude Include="C:\KamataEngine\DirectXGame\3d\CircleShadow.h" />
    <ClInclude Include="C:\KamataEngine\DirectXGame\3d\DebugCamera.h" />
    <ClInclude Include="C:\KamataEngine\DirectXGame\3d\DirectionalLight.h" />
    <ClInclude Include="C:\KamataEngine\DirectXGame\3d\LightGroup.h" />
    <ClInclude Include="C:\KamataEngine\DirectXGame\3d\Material.h" />
    <ClInclude Include="C:\KamataEngine\DirectXGame\3d\Mesh.h" />
    <ClInclude Include="C:\KamataEngine\DirectXGame\3d\PointLight.h" />
    <ClInclude Include="C:\KamataEngine\DirectXGame\3d\SpotLight.h" />
    <ClInclude Include="C:\KamataEngine\DirectXGame\2d\DebugText.h" />
    <ClInclude Include="C:\KamataEngine\DirectXGame\2d\Sprite.h" />
    <ClInclude Include="C:\KamataEngine\DirectXGame\2d\ImGuiManager.h" />
    <ClInclude Include="C:\KamataEngine\DirectXGame\3d\Model.h" />
    <ClInclude Include="C:\KamataEngine\DirectXGame\3d\ViewProjection.h" />
    <ClInclude Include="C:\KamataEngine\DirectXGame\3d\WorldTransform.h" />
    <ClInclude Include="C:\KamataEngine\DirectXGame\audio\Audio.h" />
    <ClInclude Include="C:\KamataEngine\DirectXGame\base\DirectXCommon.h" />
    <ClInclude Include="C:\KamataEngine\DirectXGame\base\SafeDelete.h" />
    <ClInclude Include="C:\KamataEngine\DirectXGame\base\TextureManager.h" />
    <ClInclude Include="C:\KamataEngine\DirectXGame\base\WinApp.h" />
    <ClInclude Include="C:\KamataEngine\DirectXGame\input\Input.h" />
    <ClInclude Include="C:\KamataEngine\DirectXGame\scene\GameScene.h" />
    <ClInclude Include="C:\KamataEngine\Adapter\Novice.h" />
    <ClInclude Include="camera.h" />
    <ClInclude Include="collision.h" />
    <ClInclude Include="camerasystem.h" />
    <ClInclude Include="common.h" />
    <ClInclude Include="define.h" />
    <ClInclude Include="easing.h" />
    <ClInclude Include="enemy.h" />
    <ClInclude Include="enum.h" />
    <ClInclude Include="field.h" />
    <ClInclude Include="player.h" />
    <ClInclude Include="rope.h" />
    <ClInclude Include="sceneChange.h" />
    <ClInclude Include="stage.h" />
    <ClInclude Include="structuer.h" />
    <ClInclude Include="system.h" />
    <ClInclude Include="title.h" />
    <ClInclude Include="colorname.h" />
    <ClInclude Include="Explain.h" />
  </ItemGroup>
  <ItemGroup>
    <None Include="imgui.ini" />
  </ItemGroup>
</Project>